
Microsoft Visual Studio Solution File, Format Version 12.00
# Visual Studio Version 17
VisualStudioVersion = 17.14.36511.14 d17.14
MinimumVisualStudioVersion = 10.0.40219.1
Project("{FAE04EC0-301F-11D3-BF4B-00C04F79EFBC}") = "E_01", "E_01\E_01.csproj", "{02CAE1AA-8A76-4D43-8CA1-E5996EC4E49C}"
EndProject
Global
	GlobalSection(SolutionConfigurationPlatforms) = preSolution
		Debug|Any CPU = Debug|Any CPU
		Release|Any CPU = Release|Any CPU
	EndGlobalSection
	GlobalSection(ProjectConfigurationPlatforms) = postSolution
		{02CAE1AA-8A76-4D43-8CA1-E5996EC4E49C}.Debug|Any CPU.ActiveCfg = Debug|Any CPU
		{02CAE1AA-8A76-4D43-8CA1-E5996EC4E49C}.Debug|Any CPU.Build.0 = Debug|Any CPU
		{02CAE1AA-8A76-4D43-8CA1-E5996EC4E49C}.Release|Any CPU.ActiveCfg = Release|Any CPU
		{02CAE1AA-8A76-4D43-8CA1-E5996EC4E49C}.Release|Any CPU.Build.0 = Release|Any CPU
	EndGlobalSection
	GlobalSection(SolutionProperties) = preSolution
		HideSolutionNode = FALSE
	EndGlobalSection
	GlobalSection(ExtensibilityGlobals) = postSolution
		SolutionGuid = {893F422C-C1E2-4FAE-8C77-7AC0EC01A855}
	EndGlobalSection
EndGlobal
