
Microsoft Visual Studio Solution File, Format Version 12.00
# Visual Studio Version 17
VisualStudioVersion = 17.14.36511.14 d17.14
MinimumVisualStudioVersion = 10.0.40219.1
Project("{FAE04EC0-301F-11D3-BF4B-00C04F79EFBC}") = "E_01", "E_01\E_01.csproj", "{9665A35D-576D-477F-8BC3-AAECB1634940}"
EndProject
Global
	GlobalSection(SolutionConfigurationPlatforms) = preSolution
		Debug|Any CPU = Debug|Any CPU
		Release|Any CPU = Release|Any CPU
	EndGlobalSection
	GlobalSection(ProjectConfigurationPlatforms) = postSolution
		{9665A35D-576D-477F-8BC3-AAECB1634940}.Debug|Any CPU.ActiveCfg = Debug|Any CPU
		{9665A35D-576D-477F-8BC3-AAECB1634940}.Debug|Any CPU.Build.0 = Debug|Any CPU
		{9665A35D-576D-477F-8BC3-AAECB1634940}.Release|Any CPU.ActiveCfg = Release|Any CPU
		{9665A35D-576D-477F-8BC3-AAECB1634940}.Release|Any CPU.Build.0 = Release|Any CPU
	EndGlobalSection
	GlobalSection(SolutionProperties) = preSolution
		HideSolutionNode = FALSE
	EndGlobalSection
	GlobalSection(ExtensibilityGlobals) = postSolution
		SolutionGuid = {ED54C9F8-6BC7-42AD-96FF-552E46A25338}
	EndGlobalSection
EndGlobal
