
Microsoft Visual Studio Solution File, Format Version 12.00
# Visual Studio Version 17
VisualStudioVersion = 17.14.36511.14
MinimumVisualStudioVersion = 10.0.40219.1
Project("{FAE04EC0-301F-11D3-BF4B-00C04F79EFBC}") = "E_01", "E_01\E_01.csproj", "{BA67D0EC-3BAA-4E09-9BD4-C404B4ECB383}"
EndProject
Project("{FAE04EC0-301F-11D3-BF4B-00C04F79EFBC}") = "E_02", "E_02\E_02.csproj", "{1AE5D9C2-411E-4AB9-B04E-273406DBCFD5}"
EndProject
Global
	GlobalSection(SolutionConfigurationPlatforms) = preSolution
		Debug|Any CPU = Debug|Any CPU
		Release|Any CPU = Release|Any CPU
	EndGlobalSection
	GlobalSection(ProjectConfigurationPlatforms) = postSolution
		{BA67D0EC-3BAA-4E09-9BD4-C404B4ECB383}.Debug|Any CPU.ActiveCfg = Debug|Any CPU
		{BA67D0EC-3BAA-4E09-9BD4-C404B4ECB383}.Debug|Any CPU.Build.0 = Debug|Any CPU
		{BA67D0EC-3BAA-4E09-9BD4-C404B4ECB383}.Release|Any CPU.ActiveCfg = Release|Any CPU
		{BA67D0EC-3BAA-4E09-9BD4-C404B4ECB383}.Release|Any CPU.Build.0 = Release|Any CPU
		{1AE5D9C2-411E-4AB9-B04E-273406DBCFD5}.Debug|Any CPU.ActiveCfg = Debug|Any CPU
		{1AE5D9C2-411E-4AB9-B04E-273406DBCFD5}.Debug|Any CPU.Build.0 = Debug|Any CPU
		{1AE5D9C2-411E-4AB9-B04E-273406DBCFD5}.Release|Any CPU.ActiveCfg = Release|Any CPU
		{1AE5D9C2-411E-4AB9-B04E-273406DBCFD5}.Release|Any CPU.Build.0 = Release|Any CPU
	EndGlobalSection
	GlobalSection(SolutionProperties) = preSolution
		HideSolutionNode = FALSE
	EndGlobalSection
	GlobalSection(ExtensibilityGlobals) = postSolution
		SolutionGuid = {734F6A9B-4207-44ED-A439-E1BA77651096}
	EndGlobalSection
EndGlobal
