
Microsoft Visual Studio Solution File, Format Version 12.00
# Visual Studio Version 17
VisualStudioVersion = 17.14.36511.14
MinimumVisualStudioVersion = 10.0.40219.1
Project("{FAE04EC0-301F-11D3-BF4B-00C04F79EFBC}") = "B_01", "B_01\B_01.csproj", "{3CA8F905-252A-41BA-BF40-1354EDF73652}"
EndProject
Project("{FAE04EC0-301F-11D3-BF4B-00C04F79EFBC}") = "E_01", "E_01\E_01.csproj", "{1338CD8D-8628-4E14-B133-065BB7C7B701}"
EndProject
Global
	GlobalSection(SolutionConfigurationPlatforms) = preSolution
		Debug|Any CPU = Debug|Any CPU
		Release|Any CPU = Release|Any CPU
	EndGlobalSection
	GlobalSection(ProjectConfigurationPlatforms) = postSolution
		{3CA8F905-252A-41BA-BF40-1354EDF73652}.Debug|Any CPU.ActiveCfg = Debug|Any CPU
		{3CA8F905-252A-41BA-BF40-1354EDF73652}.Debug|Any CPU.Build.0 = Debug|Any CPU
		{3CA8F905-252A-41BA-BF40-1354EDF73652}.Release|Any CPU.ActiveCfg = Release|Any CPU
		{3CA8F905-252A-41BA-BF40-1354EDF73652}.Release|Any CPU.Build.0 = Release|Any CPU
		{1338CD8D-8628-4E14-B133-065BB7C7B701}.Debug|Any CPU.ActiveCfg = Debug|Any CPU
		{1338CD8D-8628-4E14-B133-065BB7C7B701}.Debug|Any CPU.Build.0 = Debug|Any CPU
		{1338CD8D-8628-4E14-B133-065BB7C7B701}.Release|Any CPU.ActiveCfg = Release|Any CPU
		{1338CD8D-8628-4E14-B133-065BB7C7B701}.Release|Any CPU.Build.0 = Release|Any CPU
	EndGlobalSection
	GlobalSection(SolutionProperties) = preSolution
		HideSolutionNode = FALSE
	EndGlobalSection
	GlobalSection(ExtensibilityGlobals) = postSolution
		SolutionGuid = {A70BA63D-1401-4D11-9FFF-52B40ADA241B}
	EndGlobalSection
EndGlobal
